
Microsoft Visual Studio Solution File, Format Version 12.00
Project("{FAE04EC0-301F-11D3-BF4B-00C04F79EFBC}") = "Blogrolling", "Blogrolling\Blogrolling.csproj", "{7FE10C92-E822-4358-8EC4-265E82CBE851}"
EndProject
Project("{FAE04EC0-301F-11D3-BF4B-00C04F79EFBC}") = "Blogrolling.Updater", "Blogrolling.Updater\Blogrolling.Updater.csproj", "{C3C0B0F8-8EC1-47EF-9CA3-3B0B26F0C773}"
EndProject
Project("{FAE04EC0-301F-11D3-BF4B-00C04F79EFBC}") = "Blogrolling.Web", "Blogrolling.Web\Blogrolling.Web.csproj", "{FB88D6B7-590F-4701-954B-30E8337CD06F}"
EndProject
Global
	GlobalSection(SolutionConfigurationPlatforms) = preSolution
		Debug|Any CPU = Debug|Any CPU
		Release|Any CPU = Release|Any CPU
	EndGlobalSection
	GlobalSection(ProjectConfigurationPlatforms) = postSolution
		{7FE10C92-E822-4358-8EC4-265E82CBE851}.Debug|Any CPU.ActiveCfg = Debug|Any CPU
		{7FE10C92-E822-4358-8EC4-265E82CBE851}.Debug|Any CPU.Build.0 = Debug|Any CPU
		{7FE10C92-E822-4358-8EC4-265E82CBE851}.Release|Any CPU.ActiveCfg = Release|Any CPU
		{7FE10C92-E822-4358-8EC4-265E82CBE851}.Release|Any CPU.Build.0 = Release|Any CPU
		{C3C0B0F8-8EC1-47EF-9CA3-3B0B26F0C773}.Debug|Any CPU.ActiveCfg = Debug|Any CPU
		{C3C0B0F8-8EC1-47EF-9CA3-3B0B26F0C773}.Debug|Any CPU.Build.0 = Debug|Any CPU
		{C3C0B0F8-8EC1-47EF-9CA3-3B0B26F0C773}.Release|Any CPU.ActiveCfg = Release|Any CPU
		{C3C0B0F8-8EC1-47EF-9CA3-3B0B26F0C773}.Release|Any CPU.Build.0 = Release|Any CPU
		{FB88D6B7-590F-4701-954B-30E8337CD06F}.Debug|Any CPU.ActiveCfg = Debug|Any CPU
		{FB88D6B7-590F-4701-954B-30E8337CD06F}.Debug|Any CPU.Build.0 = Debug|Any CPU
		{FB88D6B7-590F-4701-954B-30E8337CD06F}.Release|Any CPU.ActiveCfg = Release|Any CPU
		{FB88D6B7-590F-4701-954B-30E8337CD06F}.Release|Any CPU.Build.0 = Release|Any CPU
	EndGlobalSection
EndGlobal
